
Microsoft Visual Studio Solution File, Format Version 12.00
# Visual Studio Version 16
VisualStudioVersion = 16.0.31025.194
MinimumVisualStudioVersion = 10.0.40219.1
Project("{FAE04EC0-301F-11D3-BF4B-00C04F79EFBC}") = "SmartLearningproject", "SmartLearningproject\SmartLearningproject.csproj", "{76C12685-504A-4DD2-8122-7C00A3002D73}"
EndProject
Project("{FAE04EC0-301F-11D3-BF4B-00C04F79EFBC}") = "DataAccessLayer", "DataAccessLayer\DataAccessLayer.csproj", "{B5490FD2-FE86-4B3D-BAFA-C6388E0CE4D2}"
EndProject
Project("{FAE04EC0-301F-11D3-BF4B-00C04F79EFBC}") = "BussinessLogicLayer", "BussinessLogicLayer\BussinessLogicLayer.csproj", "{83D739C1-479A-4E6D-8379-F114453F624C}"
EndProject
Global
	GlobalSection(SolutionConfigurationPlatforms) = preSolution
		Debug|Any CPU = Debug|Any CPU
		Release|Any CPU = Release|Any CPU
	EndGlobalSection
	GlobalSection(ProjectConfigurationPlatforms) = postSolution
		{76C12685-504A-4DD2-8122-7C00A3002D73}.Debug|Any CPU.ActiveCfg = Debug|Any CPU
		{76C12685-504A-4DD2-8122-7C00A3002D73}.Debug|Any CPU.Build.0 = Debug|Any CPU
		{76C12685-504A-4DD2-8122-7C00A3002D73}.Release|Any CPU.ActiveCfg = Release|Any CPU
		{76C12685-504A-4DD2-8122-7C00A3002D73}.Release|Any CPU.Build.0 = Release|Any CPU
		{B5490FD2-FE86-4B3D-BAFA-C6388E0CE4D2}.Debug|Any CPU.ActiveCfg = Debug|Any CPU
		{B5490FD2-FE86-4B3D-BAFA-C6388E0CE4D2}.Debug|Any CPU.Build.0 = Debug|Any CPU
		{B5490FD2-FE86-4B3D-BAFA-C6388E0CE4D2}.Release|Any CPU.ActiveCfg = Release|Any CPU
		{B5490FD2-FE86-4B3D-BAFA-C6388E0CE4D2}.Release|Any CPU.Build.0 = Release|Any CPU
		{83D739C1-479A-4E6D-8379-F114453F624C}.Debug|Any CPU.ActiveCfg = Debug|Any CPU
		{83D739C1-479A-4E6D-8379-F114453F624C}.Debug|Any CPU.Build.0 = Debug|Any CPU
		{83D739C1-479A-4E6D-8379-F114453F624C}.Release|Any CPU.ActiveCfg = Release|Any CPU
		{83D739C1-479A-4E6D-8379-F114453F624C}.Release|Any CPU.Build.0 = Release|Any CPU
	EndGlobalSection
	GlobalSection(SolutionProperties) = preSolution
		HideSolutionNode = FALSE
	EndGlobalSection
	GlobalSection(ExtensibilityGlobals) = postSolution
		SolutionGuid = {AAE2D3BF-1299-4FA9-B8B0-D2E9BD522FA5}
	EndGlobalSection
EndGlobal
